{
  "nodes": {
    "nixpkgs": {
      "locked": {
        "lastModified": 1739484910,
        "narHash": "sha256-wjWLzdM7PIq4ZAe7k3vyjtgVJn6b0UeodtRFlM/6W5U=",
        "rev": "0b73e36b1962620a8ac551a37229dd8662dac5c8",
        "revCount": 714486,
        "type": "tarball",
        "url": "https://api.flakehub.com/f/pinned/NixOS/nixpkgs/0.2411.714486%2Brev-0b73e36b1962620a8ac551a37229dd8662dac5c8/01950977-be43-7a95-9723-843510bebafd/source.tar.gz"
      },
      "original": {
        "type": "tarball",
        "url": "https://flakehub.com/f/NixOS/nixpkgs/%2A.tar.gz"
      }
    },
    "root": {
      "inputs": {
        "nixpkgs": "nixpkgs",
        "rust-overlay": "rust-overlay"
      }
    },
    "rust-overlay": {
      "inputs": {
        "nixpkgs": [
          "nixpkgs"
        ]
      },
      "locked": {
        "lastModified": 1739673031,
        "narHash": "sha256-Z/GT8ebbvc4goxN4A0A5ACj26G1HaGJO+VetrPuC5Mo=",
        "owner": "oxalica",
        "repo": "rust-overlay",
        "rev": "538528d55318e0c8af1c307dcf10b7629b988fc3",
        "type": "github"
      },
      "original": {
        "owner": "oxalica",
        "repo": "rust-overlay",
        "type": "github"
      }
    }
  },
  "root": "root",
  "version": 7
}
