{
  "nodes": {
    "nixpkgs": {
      "locked": {
        "lastModified": 1732749044,
        "narHash": "sha256-T38FQOg0BV5M8FN1712fovzNakSOENEYs+CSkg31C9Y=",
        "rev": "0c5b4ecbed5b155b705336aa96d878e55acd8685",
        "revCount": 637005,
        "type": "tarball",
        "url": "https://api.flakehub.com/f/pinned/NixOS/nixpkgs/0.2405.637005%2Brev-0c5b4ecbed5b155b705336aa96d878e55acd8685/01937344-6cb7-7357-933a-6805838c0c3c/source.tar.gz"
      },
      "original": {
        "type": "tarball",
        "url": "https://flakehub.com/f/NixOS/nixpkgs/%2A.tar.gz"
      }
    },
    "root": {
      "inputs": {
        "nixpkgs": "nixpkgs",
        "rust-overlay": "rust-overlay"
      }
    },
    "rust-overlay": {
      "inputs": {
        "nixpkgs": [
          "nixpkgs"
        ]
      },
      "locked": {
        "lastModified": 1732933841,
        "narHash": "sha256-dge02pUSe2QeC/B3PriA0R8eAX+EU3aDoXj9FcS3XDw=",
        "owner": "oxalica",
        "repo": "rust-overlay",
        "rev": "c65e91d4a33abc3bc4a892d3c5b5b378bad64ea1",
        "type": "github"
      },
      "original": {
        "owner": "oxalica",
        "repo": "rust-overlay",
        "type": "github"
      }
    }
  },
  "root": "root",
  "version": 7
}
